
Microsoft Visual Studio Solution File, Format Version 12.00
# Visual Studio Version 17
VisualStudioVersion = 17.8.34525.116
MinimumVisualStudioVersion = 10.0.40219.1
Project("{FAE04EC0-301F-11D3-BF4B-00C04F79EFBC}") = "BT4.7", "BT4.7\BT4.7.csproj", "{82A06D3A-EBC4-40FF-B5F6-97434CBA5843}"
EndProject
Global
	GlobalSection(SolutionConfigurationPlatforms) = preSolution
		Debug|Any CPU = Debug|Any CPU
		Release|Any CPU = Release|Any CPU
	EndGlobalSection
	GlobalSection(ProjectConfigurationPlatforms) = postSolution
		{82A06D3A-EBC4-40FF-B5F6-97434CBA5843}.Debug|Any CPU.ActiveCfg = Debug|Any CPU
		{82A06D3A-EBC4-40FF-B5F6-97434CBA5843}.Debug|Any CPU.Build.0 = Debug|Any CPU
		{82A06D3A-EBC4-40FF-B5F6-97434CBA5843}.Release|Any CPU.ActiveCfg = Release|Any CPU
		{82A06D3A-EBC4-40FF-B5F6-97434CBA5843}.Release|Any CPU.Build.0 = Release|Any CPU
	EndGlobalSection
	GlobalSection(SolutionProperties) = preSolution
		HideSolutionNode = FALSE
	EndGlobalSection
	GlobalSection(ExtensibilityGlobals) = postSolution
		SolutionGuid = {0C54653A-1F8B-41FE-AC44-F228293AAEFD}
	EndGlobalSection
EndGlobal
